// !$*UTF8*$!
{
	archiveVersion = 1;
	classes = {
	};
	objectVersion = 56;
	objects = {

/* Begin PBXBuildFile section */
		613810962BAAF8E7008D6D2D /* FMDatabase.m in Sources */ = {isa = PBXBuildFile; fileRef = 6138108C2BAAF8E7008D6D2D /* FMDatabase.m */; };
		613810972BAAF8E7008D6D2D /* FMDatabasePool.m in Sources */ = {isa = PBXBuildFile; fileRef = 613810902BAAF8E7008D6D2D /* FMDatabasePool.m */; };
		613810982BAAF8E7008D6D2D /* FMResultSet.m in Sources */ = {isa = PBXBuildFile; fileRef = 613810912BAAF8E7008D6D2D /* FMResultSet.m */; };
		613810992BAAF8E7008D6D2D /* FMDatabaseQueue.m in Sources */ = {isa = PBXBuildFile; fileRef = 613810942BAAF8E7008D6D2D /* FMDatabaseQueue.m */; };
		6138109A2BAAF8E7008D6D2D /* FMDatabaseAdditions.m in Sources */ = {isa = PBXBuildFile; fileRef = 613810952BAAF8E7008D6D2D /* FMDatabaseAdditions.m */; };
		6138109C2BAAF94C008D6D2D /* rehber.sqlite in Resources */ = {isa = PBXBuildFile; fileRef = 6138109B2BAAF94C008D6D2D /* rehber.sqlite */; };
		618240642B967F4800D32A27 /* AppDelegate.swift in Sources */ = {isa = PBXBuildFile; fileRef = 618240632B967F4800D32A27 /* AppDelegate.swift */; };
		618240662B967F4800D32A27 /* SceneDelegate.swift in Sources */ = {isa = PBXBuildFile; fileRef = 618240652B967F4800D32A27 /* SceneDelegate.swift */; };
		618240682B967F4800D32A27 /* AnaSayfa.swift in Sources */ = {isa = PBXBuildFile; fileRef = 618240672B967F4800D32A27 /* AnaSayfa.swift */; };
		6182406B2B967F4800D32A27 /* Main.storyboard in Resources */ = {isa = PBXBuildFile; fileRef = 618240692B967F4800D32A27 /* Main.storyboard */; };
		6182406D2B967F4900D32A27 /* Assets.xcassets in Resources */ = {isa = PBXBuildFile; fileRef = 6182406C2B967F4900D32A27 /* Assets.xcassets */; };
		618240702B967F4900D32A27 /* LaunchScreen.storyboard in Resources */ = {isa = PBXBuildFile; fileRef = 6182406E2B967F4900D32A27 /* LaunchScreen.storyboard */; };
		61CD395F2B96F54F00D4DBF0 /* KisiKayit.swift in Sources */ = {isa = PBXBuildFile; fileRef = 61CD395E2B96F54F00D4DBF0 /* KisiKayit.swift */; };
		61CD39612B96F56200D4DBF0 /* KisiDetay.swift in Sources */ = {isa = PBXBuildFile; fileRef = 61CD39602B96F56200D4DBF0 /* KisiDetay.swift */; };
		61CD39632B96F5F400D4DBF0 /* Kisiler.swift in Sources */ = {isa = PBXBuildFile; fileRef = 61CD39622B96F5F400D4DBF0 /* Kisiler.swift */; };
		61CD39662B97271D00D4DBF0 /* KisilerHucre.swift in Sources */ = {isa = PBXBuildFile; fileRef = 61CD39652B97271D00D4DBF0 /* KisilerHucre.swift */; };
		61EFB3492BA3153200BFCE23 /* RxSwift in Frameworks */ = {isa = PBXBuildFile; productRef = 61EFB3482BA3153200BFCE23 /* RxSwift */; };
		61EFB34C2BA3158300BFCE23 /* KisilerDaoRepo.swift in Sources */ = {isa = PBXBuildFile; fileRef = 61EFB34B2BA3158300BFCE23 /* KisilerDaoRepo.swift */; };
		61EFB34F2BA315BA00BFCE23 /* AnasayfaViewModel.swift in Sources */ = {isa = PBXBuildFile; fileRef = 61EFB34E2BA315BA00BFCE23 /* AnasayfaViewModel.swift */; };
		61EFB3512BA315DE00BFCE23 /* KisiKayitViewModel.swift in Sources */ = {isa = PBXBuildFile; fileRef = 61EFB3502BA315DE00BFCE23 /* KisiKayitViewModel.swift */; };
		61EFB3532BA315F600BFCE23 /* KisiDetayViewModel.swift in Sources */ = {isa = PBXBuildFile; fileRef = 61EFB3522BA315F600BFCE23 /* KisiDetayViewModel.swift */; };
/* End PBXBuildFile section */

/* Begin PBXFileReference section */
		613810892BAAF858008D6D2D /* libsqlite3.tbd */ = {isa = PBXFileReference; lastKnownFileType = "sourcecode.text-based-dylib-definition"; name = libsqlite3.tbd; path = usr/lib/libsqlite3.tbd; sourceTree = SDKROOT; };
		6138108A2BAAF8E6008D6D2D /* KisilerUygulamasi-Bridging-Header.h */ = {isa = PBXFileReference; lastKnownFileType = sourcecode.c.h; path = "KisilerUygulamasi-Bridging-Header.h"; sourceTree = "<group>"; };
		6138108B2BAAF8E7008D6D2D /* FMDatabaseQueue.h */ = {isa = PBXFileReference; fileEncoding = 4; lastKnownFileType = sourcecode.c.h; path = FMDatabaseQueue.h; sourceTree = "<group>"; };
		6138108C2BAAF8E7008D6D2D /* FMDatabase.m */ = {isa = PBXFileReference; fileEncoding = 4; lastKnownFileType = sourcecode.c.objc; path = FMDatabase.m; sourceTree = "<group>"; };
		6138108D2BAAF8E7008D6D2D /* FMDatabaseAdditions.h */ = {isa = PBXFileReference; fileEncoding = 4; lastKnownFileType = sourcecode.c.h; path = FMDatabaseAdditions.h; sourceTree = "<group>"; };
		6138108E2BAAF8E7008D6D2D /* FMDB.h */ = {isa = PBXFileReference; fileEncoding = 4; lastKnownFileType = sourcecode.c.h; path = FMDB.h; sourceTree = "<group>"; };
		6138108F2BAAF8E7008D6D2D /* FMResultSet.h */ = {isa = PBXFileReference; fileEncoding = 4; lastKnownFileType = sourcecode.c.h; path = FMResultSet.h; sourceTree = "<group>"; };
		613810902BAAF8E7008D6D2D /* FMDatabasePool.m */ = {isa = PBXFileReference; fileEncoding = 4; lastKnownFileType = sourcecode.c.objc; path = FMDatabasePool.m; sourceTree = "<group>"; };
		613810912BAAF8E7008D6D2D /* FMResultSet.m */ = {isa = PBXFileReference; fileEncoding = 4; lastKnownFileType = sourcecode.c.objc; path = FMResultSet.m; sourceTree = "<group>"; };
		613810922BAAF8E7008D6D2D /* FMDatabasePool.h */ = {isa = PBXFileReference; fileEncoding = 4; lastKnownFileType = sourcecode.c.h; path = FMDatabasePool.h; sourceTree = "<group>"; };
		613810932BAAF8E7008D6D2D /* FMDatabase.h */ = {isa = PBXFileReference; fileEncoding = 4; lastKnownFileType = sourcecode.c.h; path = FMDatabase.h; sourceTree = "<group>"; };
		613810942BAAF8E7008D6D2D /* FMDatabaseQueue.m */ = {isa = PBXFileReference; fileEncoding = 4; lastKnownFileType = sourcecode.c.objc; path = FMDatabaseQueue.m; sourceTree = "<group>"; };
		613810952BAAF8E7008D6D2D /* FMDatabaseAdditions.m */ = {isa = PBXFileReference; fileEncoding = 4; lastKnownFileType = sourcecode.c.objc; path = FMDatabaseAdditions.m; sourceTree = "<group>"; };
		6138109B2BAAF94C008D6D2D /* rehber.sqlite */ = {isa = PBXFileReference; lastKnownFileType = file; path = rehber.sqlite; sourceTree = SOURCE_ROOT; };
		618240602B967F4800D32A27 /* KisilerUygulamasi.app */ = {isa = PBXFileReference; explicitFileType = wrapper.application; includeInIndex = 0; path = KisilerUygulamasi.app; sourceTree = BUILT_PRODUCTS_DIR; };
		618240632B967F4800D32A27 /* AppDelegate.swift */ = {isa = PBXFileReference; lastKnownFileType = sourcecode.swift; path = AppDelegate.swift; sourceTree = "<group>"; };
		618240652B967F4800D32A27 /* SceneDelegate.swift */ = {isa = PBXFileReference; lastKnownFileType = sourcecode.swift; path = SceneDelegate.swift; sourceTree = "<group>"; };
		618240672B967F4800D32A27 /* AnaSayfa.swift */ = {isa = PBXFileReference; lastKnownFileType = sourcecode.swift; path = AnaSayfa.swift; sourceTree = "<group>"; };
		6182406A2B967F4800D32A27 /* Base */ = {isa = PBXFileReference; lastKnownFileType = file.storyboard; name = Base; path = Base.lproj/Main.storyboard; sourceTree = "<group>"; };
		6182406C2B967F4900D32A27 /* Assets.xcassets */ = {isa = PBXFileReference; lastKnownFileType = folder.assetcatalog; path = Assets.xcassets; sourceTree = "<group>"; };
		6182406F2B967F4900D32A27 /* Base */ = {isa = PBXFileReference; lastKnownFileType = file.storyboard; name = Base; path = Base.lproj/LaunchScreen.storyboard; sourceTree = "<group>"; };
		618240712B967F4900D32A27 /* Info.plist */ = {isa = PBXFileReference; lastKnownFileType = text.plist.xml; path = Info.plist; sourceTree = "<group>"; };
		61CD395E2B96F54F00D4DBF0 /* KisiKayit.swift */ = {isa = PBXFileReference; lastKnownFileType = sourcecode.swift; path = KisiKayit.swift; sourceTree = "<group>"; };
		61CD39602B96F56200D4DBF0 /* KisiDetay.swift */ = {isa = PBXFileReference; lastKnownFileType = sourcecode.swift; path = KisiDetay.swift; sourceTree = "<group>"; };
		61CD39622B96F5F400D4DBF0 /* Kisiler.swift */ = {isa = PBXFileReference; lastKnownFileType = sourcecode.swift; path = Kisiler.swift; sourceTree = "<group>"; };
		61CD39652B97271D00D4DBF0 /* KisilerHucre.swift */ = {isa = PBXFileReference; lastKnownFileType = sourcecode.swift; path = KisilerHucre.swift; sourceTree = "<group>"; };
		61EFB34B2BA3158300BFCE23 /* KisilerDaoRepo.swift */ = {isa = PBXFileReference; lastKnownFileType = sourcecode.swift; path = KisilerDaoRepo.swift; sourceTree = "<group>"; };
		61EFB34E2BA315BA00BFCE23 /* AnasayfaViewModel.swift */ = {isa = PBXFileReference; lastKnownFileType = sourcecode.swift; path = AnasayfaViewModel.swift; sourceTree = "<group>"; };
		61EFB3502BA315DE00BFCE23 /* KisiKayitViewModel.swift */ = {isa = PBXFileReference; lastKnownFileType = sourcecode.swift; path = KisiKayitViewModel.swift; sourceTree = "<group>"; };
		61EFB3522BA315F600BFCE23 /* KisiDetayViewModel.swift */ = {isa = PBXFileReference; lastKnownFileType = sourcecode.swift; path = KisiDetayViewModel.swift; sourceTree = "<group>"; };
/* End PBXFileReference section */

/* Begin PBXFrameworksBuildPhase section */
		6182405D2B967F4800D32A27 /* Frameworks */ = {
			isa = PBXFrameworksBuildPhase;
			buildActionMask = 2147483647;
			files = (
				61EFB3492BA3153200BFCE23 /* RxSwift in Frameworks */,
			);
			runOnlyForDeploymentPostprocessing = 0;
		};
/* End PBXFrameworksBuildPhase section */

/* Begin PBXGroup section */
		613810882BAAF858008D6D2D /* Frameworks */ = {
			isa = PBXGroup;
			children = (
				613810892BAAF858008D6D2D /* libsqlite3.tbd */,
			);
			name = Frameworks;
			sourceTree = "<group>";
		};
		618240572B967F4700D32A27 = {
			isa = PBXGroup;
			children = (
				618240622B967F4800D32A27 /* KisilerUygulamasi */,
				618240612B967F4800D32A27 /* Products */,
				613810882BAAF858008D6D2D /* Frameworks */,
			);
			sourceTree = "<group>";
		};
		618240612B967F4800D32A27 /* Products */ = {
			isa = PBXGroup;
			children = (
				618240602B967F4800D32A27 /* KisilerUygulamasi.app */,
			);
			name = Products;
			sourceTree = "<group>";
		};
		618240622B967F4800D32A27 /* KisilerUygulamasi */ = {
			isa = PBXGroup;
			children = (
				618240632B967F4800D32A27 /* AppDelegate.swift */,
				618240652B967F4800D32A27 /* SceneDelegate.swift */,
				61CD395B2B96F4CC00D4DBF0 /* ui */,
				61CD395A2B96F4B500D4DBF0 /* Data */,
				618240692B967F4800D32A27 /* Main.storyboard */,
				6182406C2B967F4900D32A27 /* Assets.xcassets */,
				6182406E2B967F4900D32A27 /* LaunchScreen.storyboard */,
				618240712B967F4900D32A27 /* Info.plist */,
				613810932BAAF8E7008D6D2D /* FMDatabase.h */,
				6138108C2BAAF8E7008D6D2D /* FMDatabase.m */,
				6138108D2BAAF8E7008D6D2D /* FMDatabaseAdditions.h */,
				613810952BAAF8E7008D6D2D /* FMDatabaseAdditions.m */,
				613810922BAAF8E7008D6D2D /* FMDatabasePool.h */,
				613810902BAAF8E7008D6D2D /* FMDatabasePool.m */,
				6138108B2BAAF8E7008D6D2D /* FMDatabaseQueue.h */,
				613810942BAAF8E7008D6D2D /* FMDatabaseQueue.m */,
				6138108E2BAAF8E7008D6D2D /* FMDB.h */,
				6138108F2BAAF8E7008D6D2D /* FMResultSet.h */,
				613810912BAAF8E7008D6D2D /* FMResultSet.m */,
				6138108A2BAAF8E6008D6D2D /* KisilerUygulamasi-Bridging-Header.h */,
				6138109B2BAAF94C008D6D2D /* rehber.sqlite */,
			);
			path = KisilerUygulamasi;
			sourceTree = "<group>";
		};
		61CD395A2B96F4B500D4DBF0 /* Data */ = {
			isa = PBXGroup;
			children = (
				61EFB34A2BA3156500BFCE23 /* Repo */,
				61CD395C2B96F4E500D4DBF0 /* Entity */,
			);
			path = Data;
			sourceTree = "<group>";
		};
		61CD395B2B96F4CC00D4DBF0 /* ui */ = {
			isa = PBXGroup;
			children = (
				61EFB34D2BA315A300BFCE23 /* ViewModel */,
				61CD39642B9726F800D4DBF0 /* TableView */,
				61CD395D2B96F4F300D4DBF0 /* Views */,
			);
			path = ui;
			sourceTree = "<group>";
		};
		61CD395C2B96F4E500D4DBF0 /* Entity */ = {
			isa = PBXGroup;
			children = (
				61CD39622B96F5F400D4DBF0 /* Kisiler.swift */,
			);
			path = Entity;
			sourceTree = "<group>";
		};
		61CD395D2B96F4F300D4DBF0 /* Views */ = {
			isa = PBXGroup;
			children = (
				618240672B967F4800D32A27 /* AnaSayfa.swift */,
				61CD395E2B96F54F00D4DBF0 /* KisiKayit.swift */,
				61CD39602B96F56200D4DBF0 /* KisiDetay.swift */,
			);
			path = Views;
			sourceTree = "<group>";
		};
		61CD39642B9726F800D4DBF0 /* TableView */ = {
			isa = PBXGroup;
			children = (
				61CD39652B97271D00D4DBF0 /* KisilerHucre.swift */,
			);
			path = TableView;
			sourceTree = "<group>";
		};
		61EFB34A2BA3156500BFCE23 /* Repo */ = {
			isa = PBXGroup;
			children = (
				61EFB34B2BA3158300BFCE23 /* KisilerDaoRepo.swift */,
			);
			path = Repo;
			sourceTree = "<group>";
		};
		61EFB34D2BA315A300BFCE23 /* ViewModel */ = {
			isa = PBXGroup;
			children = (
				61EFB34E2BA315BA00BFCE23 /* AnasayfaViewModel.swift */,
				61EFB3502BA315DE00BFCE23 /* KisiKayitViewModel.swift */,
				61EFB3522BA315F600BFCE23 /* KisiDetayViewModel.swift */,
			);
			path = ViewModel;
			sourceTree = "<group>";
		};
/* End PBXGroup section */

/* Begin PBXNativeTarget section */
		6182405F2B967F4800D32A27 /* KisilerUygulamasi */ = {
			isa = PBXNativeTarget;
			buildConfigurationList = 618240742B967F4900D32A27 /* Build configuration list for PBXNativeTarget "KisilerUygulamasi" */;
			buildPhases = (
				6182405C2B967F4800D32A27 /* Sources */,
				6182405D2B967F4800D32A27 /* Frameworks */,
				6182405E2B967F4800D32A27 /* Resources */,
			);
			buildRules = (
			);
			dependencies = (
			);
			name = KisilerUygulamasi;
			packageProductDependencies = (
				61EFB3482BA3153200BFCE23 /* RxSwift */,
			);
			productName = KisilerUygulamasi;
			productReference = 618240602B967F4800D32A27 /* KisilerUygulamasi.app */;
			productType = "com.apple.product-type.application";
		};
/* End PBXNativeTarget section */

/* Begin PBXProject section */
		618240582B967F4700D32A27 /* Project object */ = {
			isa = PBXProject;
			attributes = {
				BuildIndependentTargetsInParallel = 1;
				LastSwiftUpdateCheck = 1520;
				LastUpgradeCheck = 1520;
				TargetAttributes = {
					6182405F2B967F4800D32A27 = {
						CreatedOnToolsVersion = 15.2;
						LastSwiftMigration = 1530;
					};
				};
			};
			buildConfigurationList = 6182405B2B967F4700D32A27 /* Build configuration list for PBXProject "KisilerUygulamasi" */;
			compatibilityVersion = "Xcode 14.0";
			developmentRegion = en;
			hasScannedForEncodings = 0;
			knownRegions = (
				en,
				Base,
			);
			mainGroup = 618240572B967F4700D32A27;
			packageReferences = (
				61EFB3472BA3153200BFCE23 /* XCRemoteSwiftPackageReference "RxSwift" */,
			);
			productRefGroup = 618240612B967F4800D32A27 /* Products */;
			projectDirPath = "";
			projectRoot = "";
			targets = (
				6182405F2B967F4800D32A27 /* KisilerUygulamasi */,
			);
		};
/* End PBXProject section */

/* Begin PBXResourcesBuildPhase section */
		6182405E2B967F4800D32A27 /* Resources */ = {
			isa = PBXResourcesBuildPhase;
			buildActionMask = 2147483647;
			files = (
				618240702B967F4900D32A27 /* LaunchScreen.storyboard in Resources */,
				6138109C2BAAF94C008D6D2D /* rehber.sqlite in Resources */,
				6182406D2B967F4900D32A27 /* Assets.xcassets in Resources */,
				6182406B2B967F4800D32A27 /* Main.storyboard in Resources */,
			);
			runOnlyForDeploymentPostprocessing = 0;
		};
/* End PBXResourcesBuildPhase section */

/* Begin PBXSourcesBuildPhase section */
		6182405C2B967F4800D32A27 /* Sources */ = {
			isa = PBXSourcesBuildPhase;
			buildActionMask = 2147483647;
			files = (
				61CD395F2B96F54F00D4DBF0 /* KisiKayit.swift in Sources */,
				61CD39662B97271D00D4DBF0 /* KisilerHucre.swift in Sources */,
				613810982BAAF8E7008D6D2D /* FMResultSet.m in Sources */,
				613810972BAAF8E7008D6D2D /* FMDatabasePool.m in Sources */,
				61CD39612B96F56200D4DBF0 /* KisiDetay.swift in Sources */,
				613810992BAAF8E7008D6D2D /* FMDatabaseQueue.m in Sources */,
				613810962BAAF8E7008D6D2D /* FMDatabase.m in Sources */,
				6138109A2BAAF8E7008D6D2D /* FMDatabaseAdditions.m in Sources */,
				618240682B967F4800D32A27 /* AnaSayfa.swift in Sources */,
				61EFB34C2BA3158300BFCE23 /* KisilerDaoRepo.swift in Sources */,
				61EFB34F2BA315BA00BFCE23 /* AnasayfaViewModel.swift in Sources */,
				61EFB3532BA315F600BFCE23 /* KisiDetayViewModel.swift in Sources */,
				618240642B967F4800D32A27 /* AppDelegate.swift in Sources */,
				618240662B967F4800D32A27 /* SceneDelegate.swift in Sources */,
				61CD39632B96F5F400D4DBF0 /* Kisiler.swift in Sources */,
				61EFB3512BA315DE00BFCE23 /* KisiKayitViewModel.swift in Sources */,
			);
			runOnlyForDeploymentPostprocessing = 0;
		};
/* End PBXSourcesBuildPhase section */

/* Begin PBXVariantGroup section */
		618240692B967F4800D32A27 /* Main.storyboard */ = {
			isa = PBXVariantGroup;
			children = (
				6182406A2B967F4800D32A27 /* Base */,
			);
			name = Main.storyboard;
			sourceTree = "<group>";
		};
		6182406E2B967F4900D32A27 /* LaunchScreen.storyboard */ = {
			isa = PBXVariantGroup;
			children = (
				6182406F2B967F4900D32A27 /* Base */,
			);
			name = LaunchScreen.storyboard;
			sourceTree = "<group>";
		};
/* End PBXVariantGroup section */

/* Begin XCBuildConfiguration section */
		618240722B967F4900D32A27 /* Debug */ = {
			isa = XCBuildConfiguration;
			buildSettings = {
				ALWAYS_SEARCH_USER_PATHS = NO;
				ASSETCATALOG_COMPILER_GENERATE_SWIFT_ASSET_SYMBOL_EXTENSIONS = YES;
				CLANG_ANALYZER_NONNULL = YES;
				CLANG_ANALYZER_NUMBER_OBJECT_CONVERSION = YES_AGGRESSIVE;
				CLANG_CXX_LANGUAGE_STANDARD = "gnu++20";
				CLANG_ENABLE_MODULES = YES;
				CLANG_ENABLE_OBJC_ARC = YES;
				CLANG_ENABLE_OBJC_WEAK = YES;
				CLANG_WARN_BLOCK_CAPTURE_AUTORELEASING = YES;
				CLANG_WARN_BOOL_CONVERSION = YES;
				CLANG_WARN_COMMA = YES;
				CLANG_WARN_CONSTANT_CONVERSION = YES;
				CLANG_WARN_DEPRECATED_OBJC_IMPLEMENTATIONS = YES;
				CLANG_WARN_DIRECT_OBJC_ISA_USAGE = YES_ERROR;
				CLANG_WARN_DOCUMENTATION_COMMENTS = YES;
				CLANG_WARN_EMPTY_BODY = YES;
				CLANG_WARN_ENUM_CONVERSION = YES;
				CLANG_WARN_INFINITE_RECURSION = YES;
				CLANG_WARN_INT_CONVERSION = YES;
				CLANG_WARN_NON_LITERAL_NULL_CONVERSION = YES;
				CLANG_WARN_OBJC_IMPLICIT_RETAIN_SELF = YES;
				CLANG_WARN_OBJC_LITERAL_CONVERSION = YES;
				CLANG_WARN_OBJC_ROOT_CLASS = YES_ERROR;
				CLANG_WARN_QUOTED_INCLUDE_IN_FRAMEWORK_HEADER = YES;
				CLANG_WARN_RANGE_LOOP_ANALYSIS = YES;
				CLANG_WARN_STRICT_PROTOTYPES = YES;
				CLANG_WARN_SUSPICIOUS_MOVE = YES;
				CLANG_WARN_UNGUARDED_AVAILABILITY = YES_AGGRESSIVE;
				CLANG_WARN_UNREACHABLE_CODE = YES;
				CLANG_WARN__DUPLICATE_METHOD_MATCH = YES;
				COPY_PHASE_STRIP = NO;
				DEBUG_INFORMATION_FORMAT = dwarf;
				ENABLE_STRICT_OBJC_MSGSEND = YES;
				ENABLE_TESTABILITY = YES;
				ENABLE_USER_SCRIPT_SANDBOXING = YES;
				GCC_C_LANGUAGE_STANDARD = gnu17;
				GCC_DYNAMIC_NO_PIC = NO;
				GCC_NO_COMMON_BLOCKS = YES;
				GCC_OPTIMIZATION_LEVEL = 0;
				GCC_PREPROCESSOR_DEFINITIONS = (
					"DEBUG=1",
					"$(inherited)",
				);
				GCC_WARN_64_TO_32_BIT_CONVERSION = YES;
				GCC_WARN_ABOUT_RETURN_TYPE = YES_ERROR;
				GCC_WARN_UNDECLARED_SELECTOR = YES;
				GCC_WARN_UNINITIALIZED_AUTOS = YES_AGGRESSIVE;
				GCC_WARN_UNUSED_FUNCTION = YES;
				GCC_WARN_UNUSED_VARIABLE = YES;
				IPHONEOS_DEPLOYMENT_TARGET = 17.2;
				LOCALIZATION_PREFERS_STRING_CATALOGS = YES;
				MTL_ENABLE_DEBUG_INFO = INCLUDE_SOURCE;
				MTL_FAST_MATH = YES;
				ONLY_ACTIVE_ARCH = YES;
				SDKROOT = iphoneos;
				SWIFT_ACTIVE_COMPILATION_CONDITIONS = "DEBUG $(inherited)";
				SWIFT_OPTIMIZATION_LEVEL = "-Onone";
			};
			name = Debug;
		};
		618240732B967F4900D32A27 /* Release */ = {
			isa = XCBuildConfiguration;
			buildSettings = {
				ALWAYS_SEARCH_USER_PATHS = NO;
				ASSETCATALOG_COMPILER_GENERATE_SWIFT_ASSET_SYMBOL_EXTENSIONS = YES;
				CLANG_ANALYZER_NONNULL = YES;
				CLANG_ANALYZER_NUMBER_OBJECT_CONVERSION = YES_AGGRESSIVE;
				CLANG_CXX_LANGUAGE_STANDARD = "gnu++20";
				CLANG_ENABLE_MODULES = YES;
				CLANG_ENABLE_OBJC_ARC = YES;
				CLANG_ENABLE_OBJC_WEAK = YES;
				CLANG_WARN_BLOCK_CAPTURE_AUTORELEASING = YES;
				CLANG_WARN_BOOL_CONVERSION = YES;
				CLANG_WARN_COMMA = YES;
				CLANG_WARN_CONSTANT_CONVERSION = YES;
				CLANG_WARN_DEPRECATED_OBJC_IMPLEMENTATIONS = YES;
				CLANG_WARN_DIRECT_OBJC_ISA_USAGE = YES_ERROR;
				CLANG_WARN_DOCUMENTATION_COMMENTS = YES;
				CLANG_WARN_EMPTY_BODY = YES;
				CLANG_WARN_ENUM_CONVERSION = YES;
				CLANG_WARN_INFINITE_RECURSION = YES;
				CLANG_WARN_INT_CONVERSION = YES;
				CLANG_WARN_NON_LITERAL_NULL_CONVERSION = YES;
				CLANG_WARN_OBJC_IMPLICIT_RETAIN_SELF = YES;
				CLANG_WARN_OBJC_LITERAL_CONVERSION = YES;
				CLANG_WARN_OBJC_ROOT_CLASS = YES_ERROR;
				CLANG_WARN_QUOTED_INCLUDE_IN_FRAMEWORK_HEADER = YES;
				CLANG_WARN_RANGE_LOOP_ANALYSIS = YES;
				CLANG_WARN_STRICT_PROTOTYPES = YES;
				CLANG_WARN_SUSPICIOUS_MOVE = YES;
				CLANG_WARN_UNGUARDED_AVAILABILITY = YES_AGGRESSIVE;
				CLANG_WARN_UNREACHABLE_CODE = YES;
				CLANG_WARN__DUPLICATE_METHOD_MATCH = YES;
				COPY_PHASE_STRIP = NO;
				DEBUG_INFORMATION_FORMAT = "dwarf-with-dsym";
				ENABLE_NS_ASSERTIONS = NO;
				ENABLE_STRICT_OBJC_MSGSEND = YES;
				ENABLE_USER_SCRIPT_SANDBOXING = YES;
				GCC_C_LANGUAGE_STANDARD = gnu17;
				GCC_NO_COMMON_BLOCKS = YES;
				GCC_WARN_64_TO_32_BIT_CONVERSION = YES;
				GCC_WARN_ABOUT_RETURN_TYPE = YES_ERROR;
				GCC_WARN_UNDECLARED_SELECTOR = YES;
				GCC_WARN_UNINITIALIZED_AUTOS = YES_AGGRESSIVE;
				GCC_WARN_UNUSED_FUNCTION = YES;
				GCC_WARN_UNUSED_VARIABLE = YES;
				IPHONEOS_DEPLOYMENT_TARGET = 17.2;
				LOCALIZATION_PREFERS_STRING_CATALOGS = YES;
				MTL_ENABLE_DEBUG_INFO = NO;
				MTL_FAST_MATH = YES;
				SDKROOT = iphoneos;
				SWIFT_COMPILATION_MODE = wholemodule;
				VALIDATE_PRODUCT = YES;
			};
			name = Release;
		};
		618240752B967F4900D32A27 /* Debug */ = {
			isa = XCBuildConfiguration;
			buildSettings = {
				ASSETCATALOG_COMPILER_APPICON_NAME = AppIcon;
				ASSETCATALOG_COMPILER_GLOBAL_ACCENT_COLOR_NAME = AccentColor;
				CLANG_ENABLE_MODULES = YES;
				CODE_SIGN_STYLE = Automatic;
				CURRENT_PROJECT_VERSION = 1;
				DEVELOPMENT_TEAM = AAAFNRNQ43;
				GENERATE_INFOPLIST_FILE = YES;
				INFOPLIST_FILE = KisilerUygulamasi/Info.plist;
				INFOPLIST_KEY_UIApplicationSupportsIndirectInputEvents = YES;
				INFOPLIST_KEY_UILaunchStoryboardName = LaunchScreen;
				INFOPLIST_KEY_UIMainStoryboardFile = Main;
				INFOPLIST_KEY_UISupportedInterfaceOrientations_iPad = "UIInterfaceOrientationPortrait UIInterfaceOrientationPortraitUpsideDown UIInterfaceOrientationLandscapeLeft UIInterfaceOrientationLandscapeRight";
				INFOPLIST_KEY_UISupportedInterfaceOrientations_iPhone = "UIInterfaceOrientationPortrait UIInterfaceOrientationLandscapeLeft UIInterfaceOrientationLandscapeRight";
				LD_RUNPATH_SEARCH_PATHS = (
					"$(inherited)",
					"@executable_path/Frameworks",
				);
				MARKETING_VERSION = 1.0;
				PRODUCT_BUNDLE_IDENTIFIER = mertpalas.KisilerUygulamasi;
				PRODUCT_NAME = "$(TARGET_NAME)";
				SWIFT_EMIT_LOC_STRINGS = YES;
				SWIFT_OBJC_BRIDGING_HEADER = "KisilerUygulamasi/KisilerUygulamasi-Bridging-Header.h";
				SWIFT_OPTIMIZATION_LEVEL = "-Onone";
				SWIFT_VERSION = 5.0;
				TARGETED_DEVICE_FAMILY = "1,2";
			};
			name = Debug;
		};
		618240762B967F4900D32A27 /* Release */ = {
			isa = XCBuildConfiguration;
			buildSettings = {
				ASSETCATALOG_COMPILER_APPICON_NAME = AppIcon;
				ASSETCATALOG_COMPILER_GLOBAL_ACCENT_COLOR_NAME = AccentColor;
				CLANG_ENABLE_MODULES = YES;
				CODE_SIGN_STYLE = Automatic;
				CURRENT_PROJECT_VERSION = 1;
				DEVELOPMENT_TEAM = AAAFNRNQ43;
				GENERATE_INFOPLIST_FILE = YES;
				INFOPLIST_FILE = KisilerUygulamasi/Info.plist;
				INFOPLIST_KEY_UIApplicationSupportsIndirectInputEvents = YES;
				INFOPLIST_KEY_UILaunchStoryboardName = LaunchScreen;
				INFOPLIST_KEY_UIMainStoryboardFile = Main;
				INFOPLIST_KEY_UISupportedInterfaceOrientations_iPad = "UIInterfaceOrientationPortrait UIInterfaceOrientationPortraitUpsideDown UIInterfaceOrientationLandscapeLeft UIInterfaceOrientationLandscapeRight";
				INFOPLIST_KEY_UISupportedInterfaceOrientations_iPhone = "UIInterfaceOrientationPortrait UIInterfaceOrientationLandscapeLeft UIInterfaceOrientationLandscapeRight";
				LD_RUNPATH_SEARCH_PATHS = (
					"$(inherited)",
					"@executable_path/Frameworks",
				);
				MARKETING_VERSION = 1.0;
				PRODUCT_BUNDLE_IDENTIFIER = mertpalas.KisilerUygulamasi;
				PRODUCT_NAME = "$(TARGET_NAME)";
				SWIFT_EMIT_LOC_STRINGS = YES;
				SWIFT_OBJC_BRIDGING_HEADER = "KisilerUygulamasi/KisilerUygulamasi-Bridging-Header.h";
				SWIFT_VERSION = 5.0;
				TARGETED_DEVICE_FAMILY = "1,2";
			};
			name = Release;
		};
/* End XCBuildConfiguration section */

/* Begin XCConfigurationList section */
		6182405B2B967F4700D32A27 /* Build configuration list for PBXProject "KisilerUygulamasi" */ = {
			isa = XCConfigurationList;
			buildConfigurations = (
				618240722B967F4900D32A27 /* Debug */,
				618240732B967F4900D32A27 /* Release */,
			);
			defaultConfigurationIsVisible = 0;
			defaultConfigurationName = Release;
		};
		618240742B967F4900D32A27 /* Build configuration list for PBXNativeTarget "KisilerUygulamasi" */ = {
			isa = XCConfigurationList;
			buildConfigurations = (
				618240752B967F4900D32A27 /* Debug */,
				618240762B967F4900D32A27 /* Release */,
			);
			defaultConfigurationIsVisible = 0;
			defaultConfigurationName = Release;
		};
/* End XCConfigurationList section */

/* Begin XCRemoteSwiftPackageReference section */
		61EFB3472BA3153200BFCE23 /* XCRemoteSwiftPackageReference "RxSwift" */ = {
			isa = XCRemoteSwiftPackageReference;
			repositoryURL = "https://github.com/ReactiveX/RxSwift.git";
			requirement = {
				kind = upToNextMinorVersion;
				minimumVersion = 6.6.0;
			};
		};
/* End XCRemoteSwiftPackageReference section */

/* Begin XCSwiftPackageProductDependency section */
		61EFB3482BA3153200BFCE23 /* RxSwift */ = {
			isa = XCSwiftPackageProductDependency;
			package = 61EFB3472BA3153200BFCE23 /* XCRemoteSwiftPackageReference "RxSwift" */;
			productName = RxSwift;
		};
/* End XCSwiftPackageProductDependency section */
	};
	rootObject = 618240582B967F4700D32A27 /* Project object */;
}
